// !$*UTF8*$!
{
	archiveVersion = 1;
	classes = {
	};
	objectVersion = 46;
	objects = {

/* Begin PBXBuildFile section */
		FCFBF3A21E207F1D000120C0 /* AppDelegate.swift in Sources */ = {isa = PBXBuildFile; fileRef = FCFBF3A11E207F1D000120C0 /* AppDelegate.swift */; };
		FCFBF3A41E207F1D000120C0 /* ViewController.swift in Sources */ = {isa = PBXBuildFile; fileRef = FCFBF3A31E207F1D000120C0 /* ViewController.swift */; };
		FCFBF3A71E207F1D000120C0 /* Main.storyboard in Resources */ = {isa = PBXBuildFile; fileRef = FCFBF3A51E207F1D000120C0 /* Main.storyboard */; };
		FCFBF3A91E207F1D000120C0 /* Assets.xcassets in Resources */ = {isa = PBXBuildFile; fileRef = FCFBF3A81E207F1D000120C0 /* Assets.xcassets */; };
		FCFBF3AC1E207F1D000120C0 /* LaunchScreen.storyboard in Resources */ = {isa = PBXBuildFile; fileRef = FCFBF3AA1E207F1D000120C0 /* LaunchScreen.storyboard */; };
		FCFBF3B41E207F90000120C0 /* weather.jpg in Resources */ = {isa = PBXBuildFile; fileRef = FCFBF3B31E207F90000120C0 /* weather.jpg */; };
/* End PBXBuildFile section */

/* Begin PBXFileReference section */
		FCFBF39E1E207F1D000120C0 /* Weather App.app */ = {isa = PBXFileReference; explicitFileType = wrapper.application; includeInIndex = 0; path = "Weather App.app"; sourceTree = BUILT_PRODUCTS_DIR; };
		FCFBF3A11E207F1D000120C0 /* AppDelegate.swift */ = {isa = PBXFileReference; lastKnownFileType = sourcecode.swift; path = AppDelegate.swift; sourceTree = "<group>"; };
		FCFBF3A31E207F1D000120C0 /* ViewController.swift */ = {isa = PBXFileReference; lastKnownFileType = sourcecode.swift; path = ViewController.swift; sourceTree = "<group>"; };
		FCFBF3A61E207F1D000120C0 /* Base */ = {isa = PBXFileReference; lastKnownFileType = file.storyboard; name = Base; path = Base.lproj/Main.storyboard; sourceTree = "<group>"; };
		FCFBF3A81E207F1D000120C0 /* Assets.xcassets */ = {isa = PBXFileReference; lastKnownFileType = folder.assetcatalog; path = Assets.xcassets; sourceTree = "<group>"; };
		FCFBF3AB1E207F1D000120C0 /* Base */ = {isa = PBXFileReference; lastKnownFileType = file.storyboard; name = Base; path = Base.lproj/LaunchScreen.storyboard; sourceTree = "<group>"; };
		FCFBF3AD1E207F1D000120C0 /* Info.plist */ = {isa = PBXFileReference; lastKnownFileType = text.plist.xml; path = Info.plist; sourceTree = "<group>"; };
		FCFBF3B31E207F90000120C0 /* weather.jpg */ = {isa = PBXFileReference; lastKnownFileType = image.jpeg; path = weather.jpg; sourceTree = "<group>"; };
/* End PBXFileReference section */

/* Begin PBXFrameworksBuildPhase section */
		FCFBF39B1E207F1D000120C0 /* Frameworks */ = {
			isa = PBXFrameworksBuildPhase;
			buildActionMask = 2147483647;
			files = (
			);
			runOnlyForDeploymentPostprocessing = 0;
		};
/* End PBXFrameworksBuildPhase section */

/* Begin PBXGroup section */
		FCFBF3951E207F1D000120C0 = {
			isa = PBXGroup;
			children = (
				FCFBF3A01E207F1D000120C0 /* Weather App */,
				FCFBF39F1E207F1D000120C0 /* Products */,
			);
			sourceTree = "<group>";
		};
		FCFBF39F1E207F1D000120C0 /* Products */ = {
			isa = PBXGroup;
			children = (
				FCFBF39E1E207F1D000120C0 /* Weather App.app */,
			);
			name = Products;
			sourceTree = "<group>";
		};
		FCFBF3A01E207F1D000120C0 /* Weather App */ = {
			isa = PBXGroup;
			children = (
				FCFBF3A11E207F1D000120C0 /* AppDelegate.swift */,
				FCFBF3A31E207F1D000120C0 /* ViewController.swift */,
				FCFBF3A51E207F1D000120C0 /* Main.storyboard */,
				FCFBF3B31E207F90000120C0 /* weather.jpg */,
				FCFBF3A81E207F1D000120C0 /* Assets.xcassets */,
				FCFBF3AA1E207F1D000120C0 /* LaunchScreen.storyboard */,
				FCFBF3AD1E207F1D000120C0 /* Info.plist */,
			);
			path = "Weather App";
			sourceTree = "<group>";
		};
/* End PBXGroup section */

/* Begin PBXNativeTarget section */
		FCFBF39D1E207F1D000120C0 /* Weather App */ = {
			isa = PBXNativeTarget;
			buildConfigurationList = FCFBF3B01E207F1D000120C0 /* Build configuration list for PBXNativeTarget "Weather App" */;
			buildPhases = (
				FCFBF39A1E207F1D000120C0 /* Sources */,
				FCFBF39B1E207F1D000120C0 /* Frameworks */,
				FCFBF39C1E207F1D000120C0 /* Resources */,
			);
			buildRules = (
			);
			dependencies = (
			);
			name = "Weather App";
			productName = "Weather App";
			productReference = FCFBF39E1E207F1D000120C0 /* Weather App.app */;
			productType = "com.apple.product-type.application";
		};
/* End PBXNativeTarget section */

/* Begin PBXProject section */
		FCFBF3961E207F1D000120C0 /* Project object */ = {
			isa = PBXProject;
			attributes = {
				LastSwiftUpdateCheck = 0820;
				LastUpgradeCheck = 0820;
				ORGANIZATIONNAME = "Utkarsh Pandey";
				TargetAttributes = {
					FCFBF39D1E207F1D000120C0 = {
						CreatedOnToolsVersion = 8.2.1;
						DevelopmentTeam = 2ZY5JWW738;
						ProvisioningStyle = Automatic;
					};
				};
			};
			buildConfigurationList = FCFBF3991E207F1D000120C0 /* Build configuration list for PBXProject "Weather App" */;
			compatibilityVersion = "Xcode 3.2";
			developmentRegion = English;
			hasScannedForEncodings = 0;
			knownRegions = (
				en,
				Base,
			);
			mainGroup = FCFBF3951E207F1D000120C0;
			productRefGroup = FCFBF39F1E207F1D000120C0 /* Products */;
			projectDirPath = "";
			projectRoot = "";
			targets = (
				FCFBF39D1E207F1D000120C0 /* Weather App */,
			);
		};
/* End PBXProject section */

/* Begin PBXResourcesBuildPhase section */
		FCFBF39C1E207F1D000120C0 /* Resources */ = {
			isa = PBXResourcesBuildPhase;
			buildActionMask = 2147483647;
			files = (
				FCFBF3AC1E207F1D000120C0 /* LaunchScreen.storyboard in Resources */,
				FCFBF3A91E207F1D000120C0 /* Assets.xcassets in Resources */,
				FCFBF3B41E207F90000120C0 /* weather.jpg in Resources */,
				FCFBF3A71E207F1D000120C0 /* Main.storyboard in Resources */,
			);
			runOnlyForDeploymentPostprocessing = 0;
		};
/* End PBXResourcesBuildPhase section */

/* Begin PBXSourcesBuildPhase section */
		FCFBF39A1E207F1D000120C0 /* Sources */ = {
			isa = PBXSourcesBuildPhase;
			buildActionMask = 2147483647;
			files = (
				FCFBF3A41E207F1D000120C0 /* ViewController.swift in Sources */,
				FCFBF3A21E207F1D000120C0 /* AppDelegate.swift in Sources */,
			);
			runOnlyForDeploymentPostprocessing = 0;
		};
/* End PBXSourcesBuildPhase section */

/* Begin PBXVariantGroup section */
		FCFBF3A51E207F1D000120C0 /* Main.storyboard */ = {
			isa = PBXVariantGroup;
			children = (
				FCFBF3A61E207F1D000120C0 /* Base */,
			);
			name = Main.storyboard;
			sourceTree = "<group>";
		};
		FCFBF3AA1E207F1D000120C0 /* LaunchScreen.storyboard */ = {
			isa = PBXVariantGroup;
			children = (
				FCFBF3AB1E207F1D000120C0 /* Base */,
			);
			name = LaunchScreen.storyboard;
			sourceTree = "<group>";
		};
/* End PBXVariantGroup section */

/* Begin XCBuildConfiguration section */
		FCFBF3AE1E207F1D000120C0 /* Debug */ = {
			isa = XCBuildConfiguration;
			buildSettings = {
				ALWAYS_SEARCH_USER_PATHS = NO;
				CLANG_ANALYZER_NONNULL = YES;
				CLANG_CXX_LANGUAGE_STANDARD = "gnu++0x";
				CLANG_CXX_LIBRARY = "libc++";
				CLANG_ENABLE_MODULES = YES;
				CLANG_ENABLE_OBJC_ARC = YES;
				CLANG_WARN_BOOL_CONVERSION = YES;
				CLANG_WARN_CONSTANT_CONVERSION = YES;
				CLANG_WARN_DIRECT_OBJC_ISA_USAGE = YES_ERROR;
				CLANG_WARN_DOCUMENTATION_COMMENTS = YES;
				CLANG_WARN_EMPTY_BODY = YES;
				CLANG_WARN_ENUM_CONVERSION = YES;
				CLANG_WARN_INFINITE_RECURSION = YES;
				CLANG_WARN_INT_CONVERSION = YES;
				CLANG_WARN_OBJC_ROOT_CLASS = YES_ERROR;
				CLANG_WARN_SUSPICIOUS_MOVE = YES;
				CLANG_WARN_UNREACHABLE_CODE = YES;
				CLANG_WARN__DUPLICATE_METHOD_MATCH = YES;
				"CODE_SIGN_IDENTITY[sdk=iphoneos*]" = "iPhone Developer";
				COPY_PHASE_STRIP = NO;
				DEBUG_INFORMATION_FORMAT = dwarf;
				ENABLE_STRICT_OBJC_MSGSEND = YES;
				ENABLE_TESTABILITY = YES;
				GCC_C_LANGUAGE_STANDARD = gnu99;
				GCC_DYNAMIC_NO_PIC = NO;
				GCC_NO_COMMON_BLOCKS = YES;
				GCC_OPTIMIZATION_LEVEL = 0;
				GCC_PREPROCESSOR_DEFINITIONS = (
					"DEBUG=1",
					"$(inherited)",
				);
				GCC_WARN_64_TO_32_BIT_CONVERSION = YES;
				GCC_WARN_ABOUT_RETURN_TYPE = YES_ERROR;
				GCC_WARN_UNDECLARED_SELECTOR = YES;
				GCC_WARN_UNINITIALIZED_AUTOS = YES_AGGRESSIVE;
				GCC_WARN_UNUSED_FUNCTION = YES;
				GCC_WARN_UNUSED_VARIABLE = YES;
				IPHONEOS_DEPLOYMENT_TARGET = 10.2;
				MTL_ENABLE_DEBUG_INFO = YES;
				ONLY_ACTIVE_ARCH = YES;
				SDKROOT = iphoneos;
				SWIFT_ACTIVE_COMPILATION_CONDITIONS = DEBUG;
				SWIFT_OPTIMIZATION_LEVEL = "-Onone";
			};
			name = Debug;
		};
		FCFBF3AF1E207F1D000120C0 /* Release */ = {
			isa = XCBuildConfiguration;
			buildSettings = {
				ALWAYS_SEARCH_USER_PATHS = NO;
				CLANG_ANALYZER_NONNULL = YES;
				CLANG_CXX_LANGUAGE_STANDARD = "gnu++0x";
				CLANG_CXX_LIBRARY = "libc++";
				CLANG_ENABLE_MODULES = YES;
				CLANG_ENABLE_OBJC_ARC = YES;
				CLANG_WARN_BOOL_CONVERSION = YES;
				CLANG_WARN_CONSTANT_CONVERSION = YES;
				CLANG_WARN_DIRECT_OBJC_ISA_USAGE = YES_ERROR;
				CLANG_WARN_DOCUMENTATION_COMMENTS = YES;
				CLANG_WARN_EMPTY_BODY = YES;
				CLANG_WARN_ENUM_CONVERSION = YES;
				CLANG_WARN_INFINITE_RECURSION = YES;
				CLANG_WARN_INT_CONVERSION = YES;
				CLANG_WARN_OBJC_ROOT_CLASS = YES_ERROR;
				CLANG_WARN_SUSPICIOUS_MOVE = YES;
				CLANG_WARN_UNREACHABLE_CODE = YES;
				CLANG_WARN__DUPLICATE_METHOD_MATCH = YES;
				"CODE_SIGN_IDENTITY[sdk=iphoneos*]" = "iPhone Developer";
				COPY_PHASE_STRIP = NO;
				DEBUG_INFORMATION_FORMAT = "dwarf-with-dsym";
				ENABLE_NS_ASSERTIONS = NO;
				ENABLE_STRICT_OBJC_MSGSEND = YES;
				GCC_C_LANGUAGE_STANDARD = gnu99;
				GCC_NO_COMMON_BLOCKS = YES;
				GCC_WARN_64_TO_32_BIT_CONVERSION = YES;
				GCC_WARN_ABOUT_RETURN_TYPE = YES_ERROR;
				GCC_WARN_UNDECLARED_SELECTOR = YES;
				GCC_WARN_UNINITIALIZED_AUTOS = YES_AGGRESSIVE;
				GCC_WARN_UNUSED_FUNCTION = YES;
				GCC_WARN_UNUSED_VARIABLE = YES;
				IPHONEOS_DEPLOYMENT_TARGET = 10.2;
				MTL_ENABLE_DEBUG_INFO = NO;
				SDKROOT = iphoneos;
				SWIFT_OPTIMIZATION_LEVEL = "-Owholemodule";
				VALIDATE_PRODUCT = YES;
			};
			name = Release;
		};
		FCFBF3B11E207F1D000120C0 /* Debug */ = {
			isa = XCBuildConfiguration;
			buildSettings = {
				ASSETCATALOG_COMPILER_APPICON_NAME = AppIcon;
				DEVELOPMENT_TEAM = 2ZY5JWW738;
				INFOPLIST_FILE = "Weather App/Info.plist";
				IPHONEOS_DEPLOYMENT_TARGET = 10.2;
				LD_RUNPATH_SEARCH_PATHS = "$(inherited) @executable_path/Frameworks";
				PRODUCT_BUNDLE_IDENTIFIER = "com.upandey3.Weather-App";
				PRODUCT_NAME = "$(TARGET_NAME)";
				SWIFT_VERSION = 3.0;
				TARGETED_DEVICE_FAMILY = 1;
			};
			name = Debug;
		};
		FCFBF3B21E207F1D000120C0 /* Release */ = {
			isa = XCBuildConfiguration;
			buildSettings = {
				ASSETCATALOG_COMPILER_APPICON_NAME = AppIcon;
				DEVELOPMENT_TEAM = 2ZY5JWW738;
				INFOPLIST_FILE = "Weather App/Info.plist";
				IPHONEOS_DEPLOYMENT_TARGET = 10.2;
				LD_RUNPATH_SEARCH_PATHS = "$(inherited) @executable_path/Frameworks";
				PRODUCT_BUNDLE_IDENTIFIER = "com.upandey3.Weather-App";
				PRODUCT_NAME = "$(TARGET_NAME)";
				SWIFT_VERSION = 3.0;
				TARGETED_DEVICE_FAMILY = 1;
			};
			name = Release;
		};
/* End XCBuildConfiguration section */

/* Begin XCConfigurationList section */
		FCFBF3991E207F1D000120C0 /* Build configuration list for PBXProject "Weather App" */ = {
			isa = XCConfigurationList;
			buildConfigurations = (
				FCFBF3AE1E207F1D000120C0 /* Debug */,
				FCFBF3AF1E207F1D000120C0 /* Release */,
			);
			defaultConfigurationIsVisible = 0;
			defaultConfigurationName = Release;
		};
		FCFBF3B01E207F1D000120C0 /* Build configuration list for PBXNativeTarget "Weather App" */ = {
			isa = XCConfigurationList;
			buildConfigurations = (
				FCFBF3B11E207F1D000120C0 /* Debug */,
				FCFBF3B21E207F1D000120C0 /* Release */,
			);
			defaultConfigurationIsVisible = 0;
			defaultConfigurationName = Release;
		};
/* End XCConfigurationList section */
	};
	rootObject = FCFBF3961E207F1D000120C0 /* Project object */;
}
